// !$*UTF8*$!
{
	archiveVersion = 1;
	classes = {
	};
	objectVersion = 77;
	objects = {

/* Begin PBXBuildFile section */
		230CA7522EC9405600C75A4B /* TokCleaner.icon in Resources */ = {isa = PBXBuildFile; fileRef = 230CA7512EC9405600C75A4B /* TokCleaner.icon */; };
		230CA7552EC9405600C75A4B /* TokCleaner.icon in Resources */ = {isa = PBXBuildFile; fileRef = 230CA7512EC9405600C75A4B /* TokCleaner.icon */; };
		2333C7C22EBEFD51007D8A89 /* TokCleaner Extension.appex in Embed Foundation Extensions */ = {isa = PBXBuildFile; fileRef = 2333C7C12EBEFD51007D8A89 /* TokCleaner Extension.appex */; settings = {ATTRIBUTES = (RemoveHeadersOnCopy, ); }; };
		23F7C30A2EDEB47900AB5812 /* PRIVACY.md in Resources */ = {isa = PBXBuildFile; fileRef = 23F7C3092EDEB47900AB5812 /* PRIVACY.md */; };
		23F7C3B02EDFE5A600AB5812 /* SUPPORT.md in Resources */ = {isa = PBXBuildFile; fileRef = 23F7C3AF2EDFE5A600AB5812 /* SUPPORT.md */; };
/* End PBXBuildFile section */

/* Begin PBXContainerItemProxy section */
		2333C7C32EBEFD51007D8A89 /* PBXContainerItemProxy */ = {
			isa = PBXContainerItemProxy;
			containerPortal = 2333C7882EBEFD4E007D8A89 /* Project object */;
			proxyType = 1;
			remoteGlobalIDString = 2333C7C02EBEFD51007D8A89;
			remoteInfo = "SeeTikTok Extension (iOS)";
		};
/* End PBXContainerItemProxy section */

/* Begin PBXCopyFilesBuildPhase section */
		2333C7F42EBEFD51007D8A89 /* Embed Foundation Extensions */ = {
			isa = PBXCopyFilesBuildPhase;
			buildActionMask = 2147483647;
			dstPath = "";
			dstSubfolderSpec = 13;
			files = (
				2333C7C22EBEFD51007D8A89 /* TokCleaner Extension.appex in Embed Foundation Extensions */,
			);
			name = "Embed Foundation Extensions";
			runOnlyForDeploymentPostprocessing = 0;
		};
/* End PBXCopyFilesBuildPhase section */

/* Begin PBXFileReference section */
		230A655F2EBF057A00CDCA2B /* TokCleaner (iOS).entitlements */ = {isa = PBXFileReference; lastKnownFileType = text.plist.entitlements; path = "TokCleaner (iOS).entitlements"; sourceTree = "<group>"; };
		230A65602EBF05C600CDCA2B /* TokCleaner Extension (iOS).entitlements */ = {isa = PBXFileReference; lastKnownFileType = text.plist.entitlements; path = "TokCleaner Extension (iOS).entitlements"; sourceTree = "<group>"; };
		230CA7512EC9405600C75A4B /* TokCleaner.icon */ = {isa = PBXFileReference; lastKnownFileType = folder.iconcomposer.icon; path = TokCleaner.icon; sourceTree = "<group>"; };
		2333C7A42EBEFD51007D8A89 /* TokCleaner.app */ = {isa = PBXFileReference; explicitFileType = wrapper.application; includeInIndex = 0; path = TokCleaner.app; sourceTree = BUILT_PRODUCTS_DIR; };
		2333C7C12EBEFD51007D8A89 /* TokCleaner Extension.appex */ = {isa = PBXFileReference; explicitFileType = "wrapper.app-extension"; includeInIndex = 0; path = "TokCleaner Extension.appex"; sourceTree = BUILT_PRODUCTS_DIR; };
		23F7C3092EDEB47900AB5812 /* PRIVACY.md */ = {isa = PBXFileReference; lastKnownFileType = net.daringfireball.markdown; path = PRIVACY.md; sourceTree = "<group>"; };
		23F7C3AF2EDFE5A600AB5812 /* SUPPORT.md */ = {isa = PBXFileReference; lastKnownFileType = net.daringfireball.markdown; path = SUPPORT.md; sourceTree = "<group>"; };
/* End PBXFileReference section */

/* Begin PBXFileSystemSynchronizedBuildFileExceptionSet section */
		2333C7EF2EBEFD51007D8A89 /* Exceptions for "Shared (App)" folder in "TokCleaner (iOS)" target */ = {
			isa = PBXFileSystemSynchronizedBuildFileExceptionSet;
			membershipExceptions = (
				Assets.xcassets,
			);
			target = 2333C7A32EBEFD51007D8A89 /* TokCleaner (iOS) */;
		};
		2333C7F32EBEFD51007D8A89 /* Exceptions for "iOS (Extension)" folder in "TokCleaner Extension (iOS)" target */ = {
			isa = PBXFileSystemSynchronizedBuildFileExceptionSet;
			membershipExceptions = (
				Info.plist,
			);
			target = 2333C7C02EBEFD51007D8A89 /* TokCleaner Extension (iOS) */;
		};
		2333C7F82EBEFD51007D8A89 /* Exceptions for "iOS (App)" folder in "TokCleaner (iOS)" target */ = {
			isa = PBXFileSystemSynchronizedBuildFileExceptionSet;
			membershipExceptions = (
				Info.plist,
			);
			target = 2333C7A32EBEFD51007D8A89 /* TokCleaner (iOS) */;
		};
		2333C8022EBEFD51007D8A89 /* Exceptions for "Shared (Extension)" folder in "TokCleaner Extension (iOS)" target */ = {
			isa = PBXFileSystemSynchronizedBuildFileExceptionSet;
			membershipExceptions = (
				Resources/_locales,
				Resources/background.js,
				Resources/content.js,
				Resources/images,
				Resources/manifest.json,
				Resources/popup.css,
				Resources/popup.html,
				Resources/popup.js,
				Resources/rules.json,
				SafariWebExtensionHandler.swift,
			);
			target = 2333C7C02EBEFD51007D8A89 /* TokCleaner Extension (iOS) */;
		};
/* End PBXFileSystemSynchronizedBuildFileExceptionSet section */

/* Begin PBXFileSystemSynchronizedRootGroup section */
		2333C78C2EBEFD4E007D8A89 /* Shared (App) */ = {
			isa = PBXFileSystemSynchronizedRootGroup;
			exceptions = (
				2333C7EF2EBEFD51007D8A89 /* Exceptions for "Shared (App)" folder in "TokCleaner (iOS)" target */,
			);
			path = "Shared (App)";
			sourceTree = "<group>";
		};
		2333C7952EBEFD50007D8A89 /* Shared (Extension) */ = {
			isa = PBXFileSystemSynchronizedRootGroup;
			exceptions = (
				2333C8022EBEFD51007D8A89 /* Exceptions for "Shared (Extension)" folder in "TokCleaner Extension (iOS)" target */,
			);
			explicitFolders = (
				Resources/_locales,
				Resources/images,
			);
			path = "Shared (Extension)";
			sourceTree = "<group>";
		};
		2333C7A62EBEFD51007D8A89 /* iOS (App) */ = {
			isa = PBXFileSystemSynchronizedRootGroup;
			exceptions = (
				2333C7F82EBEFD51007D8A89 /* Exceptions for "iOS (App)" folder in "TokCleaner (iOS)" target */,
			);
			path = "iOS (App)";
			sourceTree = "<group>";
		};
		2333C7C52EBEFD51007D8A89 /* iOS (Extension) */ = {
			isa = PBXFileSystemSynchronizedRootGroup;
			exceptions = (
				2333C7F32EBEFD51007D8A89 /* Exceptions for "iOS (Extension)" folder in "TokCleaner Extension (iOS)" target */,
			);
			path = "iOS (Extension)";
			sourceTree = "<group>";
		};
/* End PBXFileSystemSynchronizedRootGroup section */

/* Begin PBXFrameworksBuildPhase section */
		2333C7A12EBEFD51007D8A89 /* Frameworks */ = {
			isa = PBXFrameworksBuildPhase;
			buildActionMask = 2147483647;
			files = (
			);
			runOnlyForDeploymentPostprocessing = 0;
		};
		2333C7BE2EBEFD51007D8A89 /* Frameworks */ = {
			isa = PBXFrameworksBuildPhase;
			buildActionMask = 2147483647;
			files = (
			);
			runOnlyForDeploymentPostprocessing = 0;
		};
/* End PBXFrameworksBuildPhase section */

/* Begin PBXGroup section */
		2333C7872EBEFD4E007D8A89 = {
			isa = PBXGroup;
			children = (
				23F7C3AF2EDFE5A600AB5812 /* SUPPORT.md */,
				23F7C3092EDEB47900AB5812 /* PRIVACY.md */,
				230CA7512EC9405600C75A4B /* TokCleaner.icon */,
				230A65602EBF05C600CDCA2B /* TokCleaner Extension (iOS).entitlements */,
				230A655F2EBF057A00CDCA2B /* TokCleaner (iOS).entitlements */,
				2333C78C2EBEFD4E007D8A89 /* Shared (App) */,
				2333C7952EBEFD50007D8A89 /* Shared (Extension) */,
				2333C7A62EBEFD51007D8A89 /* iOS (App) */,
				2333C7C52EBEFD51007D8A89 /* iOS (Extension) */,
				2333C7A52EBEFD51007D8A89 /* Products */,
			);
			sourceTree = "<group>";
		};
		2333C7A52EBEFD51007D8A89 /* Products */ = {
			isa = PBXGroup;
			children = (
				2333C7A42EBEFD51007D8A89 /* TokCleaner.app */,
				2333C7C12EBEFD51007D8A89 /* TokCleaner Extension.appex */,
			);
			name = Products;
			sourceTree = "<group>";
		};
/* End PBXGroup section */

/* Begin PBXNativeTarget section */
		2333C7A32EBEFD51007D8A89 /* TokCleaner (iOS) */ = {
			isa = PBXNativeTarget;
			buildConfigurationList = 2333C7F52EBEFD51007D8A89 /* Build configuration list for PBXNativeTarget "TokCleaner (iOS)" */;
			buildPhases = (
				2333C7A02EBEFD51007D8A89 /* Sources */,
				2333C7A12EBEFD51007D8A89 /* Frameworks */,
				2333C7A22EBEFD51007D8A89 /* Resources */,
				2333C7F42EBEFD51007D8A89 /* Embed Foundation Extensions */,
			);
			buildRules = (
			);
			dependencies = (
				2333C7C42EBEFD51007D8A89 /* PBXTargetDependency */,
			);
			fileSystemSynchronizedGroups = (
				2333C7A62EBEFD51007D8A89 /* iOS (App) */,
			);
			name = "TokCleaner (iOS)";
			packageProductDependencies = (
			);
			productName = "SeeTikTok (iOS)";
			productReference = 2333C7A42EBEFD51007D8A89 /* TokCleaner.app */;
			productType = "com.apple.product-type.application";
		};
		2333C7C02EBEFD51007D8A89 /* TokCleaner Extension (iOS) */ = {
			isa = PBXNativeTarget;
			buildConfigurationList = 2333C7F02EBEFD51007D8A89 /* Build configuration list for PBXNativeTarget "TokCleaner Extension (iOS)" */;
			buildPhases = (
				2333C7BD2EBEFD51007D8A89 /* Sources */,
				2333C7BE2EBEFD51007D8A89 /* Frameworks */,
				2333C7BF2EBEFD51007D8A89 /* Resources */,
			);
			buildRules = (
			);
			dependencies = (
			);
			fileSystemSynchronizedGroups = (
				2333C7C52EBEFD51007D8A89 /* iOS (Extension) */,
			);
			name = "TokCleaner Extension (iOS)";
			packageProductDependencies = (
			);
			productName = "SeeTikTok Extension (iOS)";
			productReference = 2333C7C12EBEFD51007D8A89 /* TokCleaner Extension.appex */;
			productType = "com.apple.product-type.app-extension";
		};
/* End PBXNativeTarget section */

/* Begin PBXProject section */
		2333C7882EBEFD4E007D8A89 /* Project object */ = {
			isa = PBXProject;
			attributes = {
				BuildIndependentTargetsInParallel = 1;
				LastSwiftUpdateCheck = 2610;
				LastUpgradeCheck = 2610;
				TargetAttributes = {
					2333C7A32EBEFD51007D8A89 = {
						CreatedOnToolsVersion = 26.1;
					};
					2333C7C02EBEFD51007D8A89 = {
						CreatedOnToolsVersion = 26.1;
					};
				};
			};
			buildConfigurationList = 2333C78B2EBEFD4E007D8A89 /* Build configuration list for PBXProject "TokCleaner" */;
			developmentRegion = en;
			hasScannedForEncodings = 0;
			knownRegions = (
				en,
				Base,
			);
			mainGroup = 2333C7872EBEFD4E007D8A89;
			minimizedProjectReferenceProxies = 1;
			preferredProjectObjectVersion = 77;
			productRefGroup = 2333C7A52EBEFD51007D8A89 /* Products */;
			projectDirPath = "";
			projectRoot = "";
			targets = (
				2333C7A32EBEFD51007D8A89 /* TokCleaner (iOS) */,
				2333C7C02EBEFD51007D8A89 /* TokCleaner Extension (iOS) */,
			);
		};
/* End PBXProject section */

/* Begin PBXResourcesBuildPhase section */
		2333C7A22EBEFD51007D8A89 /* Resources */ = {
			isa = PBXResourcesBuildPhase;
			buildActionMask = 2147483647;
			files = (
				230CA7522EC9405600C75A4B /* TokCleaner.icon in Resources */,
				23F7C3B02EDFE5A600AB5812 /* SUPPORT.md in Resources */,
				23F7C30A2EDEB47900AB5812 /* PRIVACY.md in Resources */,
			);
			runOnlyForDeploymentPostprocessing = 0;
		};
		2333C7BF2EBEFD51007D8A89 /* Resources */ = {
			isa = PBXResourcesBuildPhase;
			buildActionMask = 2147483647;
			files = (
				230CA7552EC9405600C75A4B /* TokCleaner.icon in Resources */,
			);
			runOnlyForDeploymentPostprocessing = 0;
		};
/* End PBXResourcesBuildPhase section */

/* Begin PBXSourcesBuildPhase section */
		2333C7A02EBEFD51007D8A89 /* Sources */ = {
			isa = PBXSourcesBuildPhase;
			buildActionMask = 2147483647;
			files = (
			);
			runOnlyForDeploymentPostprocessing = 0;
		};
		2333C7BD2EBEFD51007D8A89 /* Sources */ = {
			isa = PBXSourcesBuildPhase;
			buildActionMask = 2147483647;
			files = (
			);
			runOnlyForDeploymentPostprocessing = 0;
		};
/* End PBXSourcesBuildPhase section */

/* Begin PBXTargetDependency section */
		2333C7C42EBEFD51007D8A89 /* PBXTargetDependency */ = {
			isa = PBXTargetDependency;
			target = 2333C7C02EBEFD51007D8A89 /* TokCleaner Extension (iOS) */;
			targetProxy = 2333C7C32EBEFD51007D8A89 /* PBXContainerItemProxy */;
		};
/* End PBXTargetDependency section */

/* Begin XCBuildConfiguration section */
		2333C7F12EBEFD51007D8A89 /* Debug */ = {
			isa = XCBuildConfiguration;
			buildSettings = {
				CODE_SIGN_ENTITLEMENTS = "TokCleaner Extension (iOS).entitlements";
				CODE_SIGN_STYLE = Automatic;
				CURRENT_PROJECT_VERSION = 1;
				DEVELOPMENT_TEAM = PWBLH7P4Y4;
				GENERATE_INFOPLIST_FILE = YES;
				INFOPLIST_FILE = "iOS (Extension)/Info.plist";
				INFOPLIST_KEY_CFBundleDisplayName = "TokCleaner Extension";
				INFOPLIST_KEY_NSHumanReadableCopyright = "";
				IPHONEOS_DEPLOYMENT_TARGET = 15.0;
				LD_RUNPATH_SEARCH_PATHS = (
					"$(inherited)",
					"@executable_path/Frameworks",
					"@executable_path/../../Frameworks",
				);
				MARKETING_VERSION = 1.0;
				OTHER_LDFLAGS = (
					"-framework",
					SafariServices,
				);
				PRODUCT_BUNDLE_IDENTIFIER = com.jacobgrant.TokCleaner.Extension;
				PRODUCT_NAME = "TokCleaner Extension";
				SDKROOT = iphoneos;
				SKIP_INSTALL = YES;
				STRING_CATALOG_GENERATE_SYMBOLS = YES;
				SWIFT_APPROACHABLE_CONCURRENCY = YES;
				SWIFT_EMIT_LOC_STRINGS = YES;
				SWIFT_UPCOMING_FEATURE_MEMBER_IMPORT_VISIBILITY = YES;
				SWIFT_VERSION = 5.0;
				TARGETED_DEVICE_FAMILY = "1,2";
			};
			name = Debug;
		};
		2333C7F22EBEFD51007D8A89 /* Release */ = {
			isa = XCBuildConfiguration;
			buildSettings = {
				CODE_SIGN_ENTITLEMENTS = "TokCleaner Extension (iOS).entitlements";
				CODE_SIGN_STYLE = Automatic;
				CURRENT_PROJECT_VERSION = 1;
				DEVELOPMENT_TEAM = PWBLH7P4Y4;
				GENERATE_INFOPLIST_FILE = YES;
				INFOPLIST_FILE = "iOS (Extension)/Info.plist";
				INFOPLIST_KEY_CFBundleDisplayName = "TokCleaner Extension";
				INFOPLIST_KEY_NSHumanReadableCopyright = "";
				IPHONEOS_DEPLOYMENT_TARGET = 15.0;
				LD_RUNPATH_SEARCH_PATHS = (
					"$(inherited)",
					"@executable_path/Frameworks",
					"@executable_path/../../Frameworks",
				);
				MARKETING_VERSION = 1.0;
				OTHER_LDFLAGS = (
					"-framework",
					SafariServices,
				);
				PRODUCT_BUNDLE_IDENTIFIER = com.jacobgrant.TokCleaner.Extension;
				PRODUCT_NAME = "TokCleaner Extension";
				SDKROOT = iphoneos;
				SKIP_INSTALL = YES;
				STRING_CATALOG_GENERATE_SYMBOLS = YES;
				SWIFT_APPROACHABLE_CONCURRENCY = YES;
				SWIFT_EMIT_LOC_STRINGS = YES;
				SWIFT_UPCOMING_FEATURE_MEMBER_IMPORT_VISIBILITY = YES;
				SWIFT_VERSION = 5.0;
				TARGETED_DEVICE_FAMILY = "1,2";
				VALIDATE_PRODUCT = YES;
			};
			name = Release;
		};
		2333C7F62EBEFD51007D8A89 /* Debug */ = {
			isa = XCBuildConfiguration;
			buildSettings = {
				ASSETCATALOG_COMPILER_APPICON_NAME = TokCleaner;
				ASSETCATALOG_COMPILER_GLOBAL_ACCENT_COLOR_NAME = AccentColor;
				CODE_SIGN_ENTITLEMENTS = "TokCleaner (iOS).entitlements";
				CODE_SIGN_STYLE = Automatic;
				CURRENT_PROJECT_VERSION = 1;
				DEVELOPMENT_TEAM = PWBLH7P4Y4;
				GENERATE_INFOPLIST_FILE = YES;
				INFOPLIST_FILE = "iOS (App)/Info.plist";
				INFOPLIST_KEY_CFBundleDisplayName = TokCleaner;
				INFOPLIST_KEY_UIApplicationSupportsIndirectInputEvents = YES;
				INFOPLIST_KEY_UISupportedInterfaceOrientations = "UIInterfaceOrientationPortrait UIInterfaceOrientationLandscapeLeft UIInterfaceOrientationLandscapeRight";
				INFOPLIST_KEY_UISupportedInterfaceOrientations_iPad = "UIInterfaceOrientationPortrait UIInterfaceOrientationPortraitUpsideDown UIInterfaceOrientationLandscapeLeft UIInterfaceOrientationLandscapeRight";
				IPHONEOS_DEPLOYMENT_TARGET = 26.0;
				LD_RUNPATH_SEARCH_PATHS = (
					"$(inherited)",
					"@executable_path/Frameworks",
				);
				MARKETING_VERSION = 1.0;
				OTHER_LDFLAGS = (
					"-framework",
					SafariServices,
					"-framework",
					WebKit,
				);
				PRODUCT_BUNDLE_IDENTIFIER = com.jacobgrant.TokCleaner;
				PRODUCT_NAME = TokCleaner;
				SDKROOT = iphoneos;
				STRING_CATALOG_GENERATE_SYMBOLS = YES;
				SUPPORTED_PLATFORMS = "iphoneos iphonesimulator";
				SUPPORTS_MACCATALYST = NO;
				SUPPORTS_MAC_DESIGNED_FOR_IPHONE_IPAD = NO;
				SUPPORTS_XR_DESIGNED_FOR_IPHONE_IPAD = NO;
				SWIFT_APPROACHABLE_CONCURRENCY = YES;
				SWIFT_DEFAULT_ACTOR_ISOLATION = MainActor;
				SWIFT_EMIT_LOC_STRINGS = YES;
				SWIFT_UPCOMING_FEATURE_MEMBER_IMPORT_VISIBILITY = YES;
				SWIFT_VERSION = 5.0;
				TARGETED_DEVICE_FAMILY = "1,2";
			};
			name = Debug;
		};
		2333C7F72EBEFD51007D8A89 /* Release */ = {
			isa = XCBuildConfiguration;
			buildSettings = {
				ASSETCATALOG_COMPILER_APPICON_NAME = TokCleaner;
				ASSETCATALOG_COMPILER_GLOBAL_ACCENT_COLOR_NAME = AccentColor;
				CODE_SIGN_ENTITLEMENTS = "TokCleaner (iOS).entitlements";
				CODE_SIGN_STYLE = Automatic;
				CURRENT_PROJECT_VERSION = 1;
				DEVELOPMENT_TEAM = PWBLH7P4Y4;
				GENERATE_INFOPLIST_FILE = YES;
				INFOPLIST_FILE = "iOS (App)/Info.plist";
				INFOPLIST_KEY_CFBundleDisplayName = TokCleaner;
				INFOPLIST_KEY_UIApplicationSupportsIndirectInputEvents = YES;
				INFOPLIST_KEY_UISupportedInterfaceOrientations = "UIInterfaceOrientationPortrait UIInterfaceOrientationLandscapeLeft UIInterfaceOrientationLandscapeRight";
				INFOPLIST_KEY_UISupportedInterfaceOrientations_iPad = "UIInterfaceOrientationPortrait UIInterfaceOrientationPortraitUpsideDown UIInterfaceOrientationLandscapeLeft UIInterfaceOrientationLandscapeRight";
				IPHONEOS_DEPLOYMENT_TARGET = 26.0;
				LD_RUNPATH_SEARCH_PATHS = (
					"$(inherited)",
					"@executable_path/Frameworks",
				);
				MARKETING_VERSION = 1.0;
				OTHER_LDFLAGS = (
					"-framework",
					SafariServices,
					"-framework",
					WebKit,
				);
				PRODUCT_BUNDLE_IDENTIFIER = com.jacobgrant.TokCleaner;
				PRODUCT_NAME = TokCleaner;
				SDKROOT = iphoneos;
				STRING_CATALOG_GENERATE_SYMBOLS = YES;
				SUPPORTED_PLATFORMS = "iphoneos iphonesimulator";
				SUPPORTS_MACCATALYST = NO;
				SUPPORTS_MAC_DESIGNED_FOR_IPHONE_IPAD = NO;
				SUPPORTS_XR_DESIGNED_FOR_IPHONE_IPAD = NO;
				SWIFT_APPROACHABLE_CONCURRENCY = YES;
				SWIFT_DEFAULT_ACTOR_ISOLATION = MainActor;
				SWIFT_EMIT_LOC_STRINGS = YES;
				SWIFT_UPCOMING_FEATURE_MEMBER_IMPORT_VISIBILITY = YES;
				SWIFT_VERSION = 5.0;
				TARGETED_DEVICE_FAMILY = "1,2";
				VALIDATE_PRODUCT = YES;
			};
			name = Release;
		};
		2333C8042EBEFD51007D8A89 /* Debug */ = {
			isa = XCBuildConfiguration;
			buildSettings = {
				ALWAYS_SEARCH_USER_PATHS = NO;
				ASSETCATALOG_COMPILER_GENERATE_SWIFT_ASSET_SYMBOL_EXTENSIONS = YES;
				CLANG_ANALYZER_NONNULL = YES;
				CLANG_ANALYZER_NUMBER_OBJECT_CONVERSION = YES_AGGRESSIVE;
				CLANG_CXX_LANGUAGE_STANDARD = "gnu++20";
				CLANG_ENABLE_MODULES = YES;
				CLANG_ENABLE_OBJC_ARC = YES;
				CLANG_ENABLE_OBJC_WEAK = YES;
				CLANG_WARN_BLOCK_CAPTURE_AUTORELEASING = YES;
				CLANG_WARN_BOOL_CONVERSION = YES;
				CLANG_WARN_COMMA = YES;
				CLANG_WARN_CONSTANT_CONVERSION = YES;
				CLANG_WARN_DEPRECATED_OBJC_IMPLEMENTATIONS = YES;
				CLANG_WARN_DIRECT_OBJC_ISA_USAGE = YES_ERROR;
				CLANG_WARN_DOCUMENTATION_COMMENTS = YES;
				CLANG_WARN_EMPTY_BODY = YES;
				CLANG_WARN_ENUM_CONVERSION = YES;
				CLANG_WARN_INFINITE_RECURSION = YES;
				CLANG_WARN_INT_CONVERSION = YES;
				CLANG_WARN_NON_LITERAL_NULL_CONVERSION = YES;
				CLANG_WARN_OBJC_IMPLICIT_RETAIN_SELF = YES;
				CLANG_WARN_OBJC_LITERAL_CONVERSION = YES;
				CLANG_WARN_OBJC_ROOT_CLASS = YES_ERROR;
				CLANG_WARN_QUOTED_INCLUDE_IN_FRAMEWORK_HEADER = YES;
				CLANG_WARN_RANGE_LOOP_ANALYSIS = YES;
				CLANG_WARN_STRICT_PROTOTYPES = YES;
				CLANG_WARN_SUSPICIOUS_MOVE = YES;
				CLANG_WARN_UNGUARDED_AVAILABILITY = YES_AGGRESSIVE;
				CLANG_WARN_UNREACHABLE_CODE = YES;
				CLANG_WARN__DUPLICATE_METHOD_MATCH = YES;
				COPY_PHASE_STRIP = NO;
				DEBUG_INFORMATION_FORMAT = dwarf;
				DEVELOPMENT_TEAM = PWBLH7P4Y4;
				ENABLE_STRICT_OBJC_MSGSEND = YES;
				ENABLE_TESTABILITY = YES;
				ENABLE_USER_SCRIPT_SANDBOXING = YES;
				GCC_C_LANGUAGE_STANDARD = gnu17;
				GCC_DYNAMIC_NO_PIC = NO;
				GCC_NO_COMMON_BLOCKS = YES;
				GCC_OPTIMIZATION_LEVEL = 0;
				GCC_PREPROCESSOR_DEFINITIONS = (
					"DEBUG=1",
					"$(inherited)",
				);
				GCC_WARN_64_TO_32_BIT_CONVERSION = YES;
				GCC_WARN_ABOUT_RETURN_TYPE = YES_ERROR;
				GCC_WARN_UNDECLARED_SELECTOR = YES;
				GCC_WARN_UNINITIALIZED_AUTOS = YES_AGGRESSIVE;
				GCC_WARN_UNUSED_FUNCTION = YES;
				GCC_WARN_UNUSED_VARIABLE = YES;
				LOCALIZATION_PREFERS_STRING_CATALOGS = YES;
				MTL_ENABLE_DEBUG_INFO = INCLUDE_SOURCE;
				MTL_FAST_MATH = YES;
				ONLY_ACTIVE_ARCH = YES;
				SWIFT_ACTIVE_COMPILATION_CONDITIONS = "DEBUG $(inherited)";
				SWIFT_OPTIMIZATION_LEVEL = "-Onone";
			};
			name = Debug;
		};
		2333C8052EBEFD51007D8A89 /* Release */ = {
			isa = XCBuildConfiguration;
			buildSettings = {
				ALWAYS_SEARCH_USER_PATHS = NO;
				ASSETCATALOG_COMPILER_GENERATE_SWIFT_ASSET_SYMBOL_EXTENSIONS = YES;
				CLANG_ANALYZER_NONNULL = YES;
				CLANG_ANALYZER_NUMBER_OBJECT_CONVERSION = YES_AGGRESSIVE;
				CLANG_CXX_LANGUAGE_STANDARD = "gnu++20";
				CLANG_ENABLE_MODULES = YES;
				CLANG_ENABLE_OBJC_ARC = YES;
				CLANG_ENABLE_OBJC_WEAK = YES;
				CLANG_WARN_BLOCK_CAPTURE_AUTORELEASING = YES;
				CLANG_WARN_BOOL_CONVERSION = YES;
				CLANG_WARN_COMMA = YES;
				CLANG_WARN_CONSTANT_CONVERSION = YES;
				CLANG_WARN_DEPRECATED_OBJC_IMPLEMENTATIONS = YES;
				CLANG_WARN_DIRECT_OBJC_ISA_USAGE = YES_ERROR;
				CLANG_WARN_DOCUMENTATION_COMMENTS = YES;
				CLANG_WARN_EMPTY_BODY = YES;
				CLANG_WARN_ENUM_CONVERSION = YES;
				CLANG_WARN_INFINITE_RECURSION = YES;
				CLANG_WARN_INT_CONVERSION = YES;
				CLANG_WARN_NON_LITERAL_NULL_CONVERSION = YES;
				CLANG_WARN_OBJC_IMPLICIT_RETAIN_SELF = YES;
				CLANG_WARN_OBJC_LITERAL_CONVERSION = YES;
				CLANG_WARN_OBJC_ROOT_CLASS = YES_ERROR;
				CLANG_WARN_QUOTED_INCLUDE_IN_FRAMEWORK_HEADER = YES;
				CLANG_WARN_RANGE_LOOP_ANALYSIS = YES;
				CLANG_WARN_STRICT_PROTOTYPES = YES;
				CLANG_WARN_SUSPICIOUS_MOVE = YES;
				CLANG_WARN_UNGUARDED_AVAILABILITY = YES_AGGRESSIVE;
				CLANG_WARN_UNREACHABLE_CODE = YES;
				CLANG_WARN__DUPLICATE_METHOD_MATCH = YES;
				COPY_PHASE_STRIP = NO;
				DEBUG_INFORMATION_FORMAT = "dwarf-with-dsym";
				DEVELOPMENT_TEAM = PWBLH7P4Y4;
				ENABLE_NS_ASSERTIONS = NO;
				ENABLE_STRICT_OBJC_MSGSEND = YES;
				ENABLE_USER_SCRIPT_SANDBOXING = YES;
				GCC_C_LANGUAGE_STANDARD = gnu17;
				GCC_NO_COMMON_BLOCKS = YES;
				GCC_WARN_64_TO_32_BIT_CONVERSION = YES;
				GCC_WARN_ABOUT_RETURN_TYPE = YES_ERROR;
				GCC_WARN_UNDECLARED_SELECTOR = YES;
				GCC_WARN_UNINITIALIZED_AUTOS = YES_AGGRESSIVE;
				GCC_WARN_UNUSED_FUNCTION = YES;
				GCC_WARN_UNUSED_VARIABLE = YES;
				LOCALIZATION_PREFERS_STRING_CATALOGS = YES;
				MTL_ENABLE_DEBUG_INFO = NO;
				MTL_FAST_MATH = YES;
				SWIFT_COMPILATION_MODE = wholemodule;
			};
			name = Release;
		};
/* End XCBuildConfiguration section */

/* Begin XCConfigurationList section */
		2333C78B2EBEFD4E007D8A89 /* Build configuration list for PBXProject "TokCleaner" */ = {
			isa = XCConfigurationList;
			buildConfigurations = (
				2333C8042EBEFD51007D8A89 /* Debug */,
				2333C8052EBEFD51007D8A89 /* Release */,
			);
			defaultConfigurationIsVisible = 0;
			defaultConfigurationName = Release;
		};
		2333C7F02EBEFD51007D8A89 /* Build configuration list for PBXNativeTarget "TokCleaner Extension (iOS)" */ = {
			isa = XCConfigurationList;
			buildConfigurations = (
				2333C7F12EBEFD51007D8A89 /* Debug */,
				2333C7F22EBEFD51007D8A89 /* Release */,
			);
			defaultConfigurationIsVisible = 0;
			defaultConfigurationName = Release;
		};
		2333C7F52EBEFD51007D8A89 /* Build configuration list for PBXNativeTarget "TokCleaner (iOS)" */ = {
			isa = XCConfigurationList;
			buildConfigurations = (
				2333C7F62EBEFD51007D8A89 /* Debug */,
				2333C7F72EBEFD51007D8A89 /* Release */,
			);
			defaultConfigurationIsVisible = 0;
			defaultConfigurationName = Release;
		};
/* End XCConfigurationList section */
	};
	rootObject = 2333C7882EBEFD4E007D8A89 /* Project object */;
}
